<?xml version="1.0" encoding="utf-8"?>
<Project ToolsVersion="4.0" xmlns="http://schemas.microsoft.com/developer/msbuild/2003">
  <ItemGroup>
    <Filter Include="Source Files">
      <UniqueIdentifier>{4FC737F1-C7A5-4376-A066-2A32D752A2FF}</UniqueIdentifier>
      <Extensions>cpp;c;cc;cxx;def;odl;idl;hpj;bat;asm;asmx</Extensions>
    </Filter>
    <Filter Include="Header Files">
      <UniqueIdentifier>{93995380-89BD-4b04-88EB-625FBE52EBFB}</UniqueIdentifier>
      <Extensions>h;hh;hpp;hxx;hm;inl;inc;xsd</Extensions>
    </Filter>
    <Filter Include="Resource Files">
      <UniqueIdentifier>{67DA6AB6-F800-4c08-8B7A-83BB121AAD01}</UniqueIdentifier>
      <Extensions>rc;ico;cur;bmp;dlg;rc2;rct;bin;rgs;gif;jpg;jpeg;jpe;resx;tiff;tif;png;wav;mfcribbon-ms</Extensions>
    </Filter>
  </ItemGroup>
  <ItemGroup>
    <ClCompile Include="BumpMapFunction.cpp">
      <Filter>Source Files</Filter>
    </ClCompile>
    <ClCompile Include="CameraView.cpp">
      <Filter>Source Files</Filter>
    </ClCompile>
    <ClCompile Include="DirectLight.cpp">
      <Filter>Source Files</Filter>
    </ClCompile>
    <ClCompile Include="Extents.cpp">
      <Filter>Source Files</Filter>
    </ClCompile>
    <ClCompile Include="Material.cpp">
      <Filter>Source Files</Filter>
    </ClCompile>
    <ClCompile Include="MaterialCookTorrance.cpp">
      <Filter>Source Files</Filter>
    </ClCompile>
    <ClCompile Include="PixelArray.cpp">
      <Filter>Source Files</Filter>
    </ClCompile>
    <ClCompile Include="RgbImage.cpp">
      <Filter>Source Files</Filter>
    </ClCompile>
    <ClCompile Include="TextureAffineXform.cpp">
      <Filter>Source Files</Filter>
    </ClCompile>
    <ClCompile Include="TextureBilinearXform.cpp">
      <Filter>Source Files</Filter>
    </ClCompile>
    <ClCompile Include="TextureCheckered.cpp">
      <Filter>Source Files</Filter>
    </ClCompile>
    <ClCompile Include="TextureMapBase.cpp">
      <Filter>Source Files</Filter>
    </ClCompile>
    <ClCompile Include="TextureMultiFaces.cpp">
      <Filter>Source Files</Filter>
    </ClCompile>
    <ClCompile Include="TextureRgbImage.cpp">
      <Filter>Source Files</Filter>
    </ClCompile>
    <ClCompile Include="TextureSequence.cpp">
      <Filter>Source Files</Filter>
    </ClCompile>
    <ClCompile Include="TransformViewable.cpp">
      <Filter>Source Files</Filter>
    </ClCompile>
    <ClCompile Include="ViewableBase.cpp">
      <Filter>Source Files</Filter>
    </ClCompile>
    <ClCompile Include="ViewableBezierSet.cpp">
      <Filter>Source Files</Filter>
    </ClCompile>
    <ClCompile Include="ViewableCone.cpp">
      <Filter>Source Files</Filter>
    </ClCompile>
    <ClCompile Include="ViewableCylinder.cpp">
      <Filter>Source Files</Filter>
    </ClCompile>
    <ClCompile Include="ViewableEllipsoid.cpp">
      <Filter>Source Files</Filter>
    </ClCompile>
    <ClCompile Include="ViewableParallelepiped.cpp">
      <Filter>Source Files</Filter>
    </ClCompile>
    <ClCompile Include="ViewableParallelogram.cpp">
      <Filter>Source Files</Filter>
    </ClCompile>
    <ClCompile Include="ViewableSphere.cpp">
      <Filter>Source Files</Filter>
    </ClCompile>
    <ClCompile Include="ViewableTorus.cpp">
      <Filter>Source Files</Filter>
    </ClCompile>
    <ClCompile Include="ViewableTriangle.cpp">
      <Filter>Source Files</Filter>
    </ClCompile>
  </ItemGroup>
  <ItemGroup>
    <ClInclude Include="BumpMapFunction.h">
      <Filter>Header Files</Filter>
    </ClInclude>
    <ClInclude Include="CameraView.h">
      <Filter>Header Files</Filter>
    </ClInclude>
    <ClInclude Include="DirectLight.h">
      <Filter>Header Files</Filter>
    </ClInclude>
    <ClInclude Include="Extents.h">
      <Filter>Header Files</Filter>
    </ClInclude>
    <ClInclude Include="Light.h">
      <Filter>Header Files</Filter>
    </ClInclude>
    <ClInclude Include="Material.h">
      <Filter>Header Files</Filter>
    </ClInclude>
    <ClInclude Include="MaterialBase.h">
      <Filter>Header Files</Filter>
    </ClInclude>
    <ClInclude Include="MaterialCookTorrance.h">
      <Filter>Header Files</Filter>
    </ClInclude>
    <ClInclude Include="PixelArray.h">
      <Filter>Header Files</Filter>
    </ClInclude>
    <ClInclude Include="RgbImage.h">
      <Filter>Header Files</Filter>
    </ClInclude>
    <ClInclude Include="TextureAffineXform.h">
      <Filter>Header Files</Filter>
    </ClInclude>
    <ClInclude Include="TextureBilinearXform.h">
      <Filter>Header Files</Filter>
    </ClInclude>
    <ClInclude Include="TextureCheckered.h">
      <Filter>Header Files</Filter>
    </ClInclude>
    <ClInclude Include="TextureMapBase.h">
      <Filter>Header Files</Filter>
    </ClInclude>
    <ClInclude Include="TextureMultiFaces.h">
      <Filter>Header Files</Filter>
    </ClInclude>
    <ClInclude Include="TextureRgbImage.h">
      <Filter>Header Files</Filter>
    </ClInclude>
    <ClInclude Include="TextureSequence.h">
      <Filter>Header Files</Filter>
    </ClInclude>
    <ClInclude Include="TransformViewable.h">
      <Filter>Header Files</Filter>
    </ClInclude>
    <ClInclude Include="ViewableBase.h">
      <Filter>Header Files</Filter>
    </ClInclude>
    <ClInclude Include="ViewableBezierSet.h">
      <Filter>Header Files</Filter>
    </ClInclude>
    <ClInclude Include="ViewableCone.h">
      <Filter>Header Files</Filter>
    </ClInclude>
    <ClInclude Include="ViewableCylinder.h">
      <Filter>Header Files</Filter>
    </ClInclude>
    <ClInclude Include="ViewableEllipsoid.h">
      <Filter>Header Files</Filter>
    </ClInclude>
    <ClInclude Include="ViewableParallelepiped.h">
      <Filter>Header Files</Filter>
    </ClInclude>
    <ClInclude Include="ViewableParallelogram.h">
      <Filter>Header Files</Filter>
    </ClInclude>
    <ClInclude Include="ViewableSphere.h">
      <Filter>Header Files</Filter>
    </ClInclude>
    <ClInclude Include="ViewableTorus.h">
      <Filter>Header Files</Filter>
    </ClInclude>
    <ClInclude Include="ViewableTriangle.h">
      <Filter>Header Files</Filter>
    </ClInclude>
    <ClInclude Include="VisiblePoint.h">
      <Filter>Header Files</Filter>
    </ClInclude>
  </ItemGroup>
</Project>