
Microsoft Visual Studio Solution File, Format Version 12.00
# Visual Studio 15
VisualStudioVersion = 15.0.27130.2010
MinimumVisualStudioVersion = 10.0.40219.1
Project("{8BC9CEB8-8B4A-11D0-8D11-00A0C91BC942}") = "RayTraceKd", "RayTraceKd.vcxproj", "{90F3A0CA-54DB-442A-8925-8F7B9B35C445}"
	ProjectSection(ProjectDependencies) = postProject
		{A54D3B09-AD62-45AA-B063-E4CCEB8C6D41} = {A54D3B09-AD62-45AA-B063-E4CCEB8C6D41}
		{5ACDC510-9E6E-4033-8CBB-7BA2EC1BD7C9} = {5ACDC510-9E6E-4033-8CBB-7BA2EC1BD7C9}
		{6878F424-022A-4924-8954-FFA0337C7149} = {6878F424-022A-4924-8954-FFA0337C7149}
		{3443E085-F039-43D4-B555-491EB29F010D} = {3443E085-F039-43D4-B555-491EB29F010D}
		{977B76E5-5E24-4B3E-BC02-622778465E84} = {977B76E5-5E24-4B3E-BC02-622778465E84}
	EndProjectSection
EndProject
Project("{8BC9CEB8-8B4A-11D0-8D11-00A0C91BC942}") = "DataStructs", "..\DataStructs\DataStructs.vcxproj", "{A54D3B09-AD62-45AA-B063-E4CCEB8C6D41}"
	ProjectSection(ProjectDependencies) = postProject
		{6878F424-022A-4924-8954-FFA0337C7149} = {6878F424-022A-4924-8954-FFA0337C7149}
	EndProjectSection
EndProject
Project("{8BC9CEB8-8B4A-11D0-8D11-00A0C91BC942}") = "Graphics", "..\Graphics\Graphics.vcxproj", "{3443E085-F039-43D4-B555-491EB29F010D}"
	ProjectSection(ProjectDependencies) = postProject
		{A54D3B09-AD62-45AA-B063-E4CCEB8C6D41} = {A54D3B09-AD62-45AA-B063-E4CCEB8C6D41}
		{6878F424-022A-4924-8954-FFA0337C7149} = {6878F424-022A-4924-8954-FFA0337C7149}
	EndProjectSection
EndProject
Project("{8BC9CEB8-8B4A-11D0-8D11-00A0C91BC942}") = "OpenglRender", "..\OpenglRender\OpenglRender.vcxproj", "{5ACDC510-9E6E-4033-8CBB-7BA2EC1BD7C9}"
	ProjectSection(ProjectDependencies) = postProject
		{6878F424-022A-4924-8954-FFA0337C7149} = {6878F424-022A-4924-8954-FFA0337C7149}
		{3443E085-F039-43D4-B555-491EB29F010D} = {3443E085-F039-43D4-B555-491EB29F010D}
		{977B76E5-5E24-4B3E-BC02-622778465E84} = {977B76E5-5E24-4B3E-BC02-622778465E84}
	EndProjectSection
EndProject
Project("{8BC9CEB8-8B4A-11D0-8D11-00A0C91BC942}") = "RaytraceMgr", "..\RaytraceMgr\RaytraceMgr.vcxproj", "{977B76E5-5E24-4B3E-BC02-622778465E84}"
	ProjectSection(ProjectDependencies) = postProject
		{A54D3B09-AD62-45AA-B063-E4CCEB8C6D41} = {A54D3B09-AD62-45AA-B063-E4CCEB8C6D41}
		{6878F424-022A-4924-8954-FFA0337C7149} = {6878F424-022A-4924-8954-FFA0337C7149}
		{3443E085-F039-43D4-B555-491EB29F010D} = {3443E085-F039-43D4-B555-491EB29F010D}
	EndProjectSection
EndProject
Project("{8BC9CEB8-8B4A-11D0-8D11-00A0C91BC942}") = "VrMath", "..\VrMath\VrMath.vcxproj", "{6878F424-022A-4924-8954-FFA0337C7149}"
EndProject
Global
	GlobalSection(SolutionConfigurationPlatforms) = preSolution
		Debug|x64 = Debug|x64
		Debug|x86 = Debug|x86
		Release|x64 = Release|x64
		Release|x86 = Release|x86
	EndGlobalSection
	GlobalSection(ProjectConfigurationPlatforms) = postSolution
		{90F3A0CA-54DB-442A-8925-8F7B9B35C445}.Debug|x64.ActiveCfg = Debug|x64
		{90F3A0CA-54DB-442A-8925-8F7B9B35C445}.Debug|x64.Build.0 = Debug|x64
		{90F3A0CA-54DB-442A-8925-8F7B9B35C445}.Debug|x86.ActiveCfg = Debug|Win32
		{90F3A0CA-54DB-442A-8925-8F7B9B35C445}.Debug|x86.Build.0 = Debug|Win32
		{90F3A0CA-54DB-442A-8925-8F7B9B35C445}.Release|x64.ActiveCfg = Release|x64
		{90F3A0CA-54DB-442A-8925-8F7B9B35C445}.Release|x64.Build.0 = Release|x64
		{90F3A0CA-54DB-442A-8925-8F7B9B35C445}.Release|x86.ActiveCfg = Release|Win32
		{90F3A0CA-54DB-442A-8925-8F7B9B35C445}.Release|x86.Build.0 = Release|Win32
		{A54D3B09-AD62-45AA-B063-E4CCEB8C6D41}.Debug|x64.ActiveCfg = Debug|x64
		{A54D3B09-AD62-45AA-B063-E4CCEB8C6D41}.Debug|x64.Build.0 = Debug|x64
		{A54D3B09-AD62-45AA-B063-E4CCEB8C6D41}.Debug|x86.ActiveCfg = Debug|Win32
		{A54D3B09-AD62-45AA-B063-E4CCEB8C6D41}.Debug|x86.Build.0 = Debug|Win32
		{A54D3B09-AD62-45AA-B063-E4CCEB8C6D41}.Release|x64.ActiveCfg = Release|x64
		{A54D3B09-AD62-45AA-B063-E4CCEB8C6D41}.Release|x64.Build.0 = Release|x64
		{A54D3B09-AD62-45AA-B063-E4CCEB8C6D41}.Release|x86.ActiveCfg = Release|Win32
		{A54D3B09-AD62-45AA-B063-E4CCEB8C6D41}.Release|x86.Build.0 = Release|Win32
		{3443E085-F039-43D4-B555-491EB29F010D}.Debug|x64.ActiveCfg = Debug|x64
		{3443E085-F039-43D4-B555-491EB29F010D}.Debug|x64.Build.0 = Debug|x64
		{3443E085-F039-43D4-B555-491EB29F010D}.Debug|x86.ActiveCfg = Debug|Win32
		{3443E085-F039-43D4-B555-491EB29F010D}.Debug|x86.Build.0 = Debug|Win32
		{3443E085-F039-43D4-B555-491EB29F010D}.Release|x64.ActiveCfg = Release|x64
		{3443E085-F039-43D4-B555-491EB29F010D}.Release|x64.Build.0 = Release|x64
		{3443E085-F039-43D4-B555-491EB29F010D}.Release|x86.ActiveCfg = Release|Win32
		{3443E085-F039-43D4-B555-491EB29F010D}.Release|x86.Build.0 = Release|Win32
		{5ACDC510-9E6E-4033-8CBB-7BA2EC1BD7C9}.Debug|x64.ActiveCfg = Debug|x64
		{5ACDC510-9E6E-4033-8CBB-7BA2EC1BD7C9}.Debug|x64.Build.0 = Debug|x64
		{5ACDC510-9E6E-4033-8CBB-7BA2EC1BD7C9}.Debug|x86.ActiveCfg = Debug|Win32
		{5ACDC510-9E6E-4033-8CBB-7BA2EC1BD7C9}.Debug|x86.Build.0 = Debug|Win32
		{5ACDC510-9E6E-4033-8CBB-7BA2EC1BD7C9}.Release|x64.ActiveCfg = Release|x64
		{5ACDC510-9E6E-4033-8CBB-7BA2EC1BD7C9}.Release|x64.Build.0 = Release|x64
		{5ACDC510-9E6E-4033-8CBB-7BA2EC1BD7C9}.Release|x86.ActiveCfg = Release|Win32
		{5ACDC510-9E6E-4033-8CBB-7BA2EC1BD7C9}.Release|x86.Build.0 = Release|Win32
		{977B76E5-5E24-4B3E-BC02-622778465E84}.Debug|x64.ActiveCfg = Debug|x64
		{977B76E5-5E24-4B3E-BC02-622778465E84}.Debug|x64.Build.0 = Debug|x64
		{977B76E5-5E24-4B3E-BC02-622778465E84}.Debug|x86.ActiveCfg = Debug|Win32
		{977B76E5-5E24-4B3E-BC02-622778465E84}.Debug|x86.Build.0 = Debug|Win32
		{977B76E5-5E24-4B3E-BC02-622778465E84}.Release|x64.ActiveCfg = Release|x64
		{977B76E5-5E24-4B3E-BC02-622778465E84}.Release|x64.Build.0 = Release|x64
		{977B76E5-5E24-4B3E-BC02-622778465E84}.Release|x86.ActiveCfg = Release|Win32
		{977B76E5-5E24-4B3E-BC02-622778465E84}.Release|x86.Build.0 = Release|Win32
		{6878F424-022A-4924-8954-FFA0337C7149}.Debug|x64.ActiveCfg = Debug|x64
		{6878F424-022A-4924-8954-FFA0337C7149}.Debug|x64.Build.0 = Debug|x64
		{6878F424-022A-4924-8954-FFA0337C7149}.Debug|x86.ActiveCfg = Debug|Win32
		{6878F424-022A-4924-8954-FFA0337C7149}.Debug|x86.Build.0 = Debug|Win32
		{6878F424-022A-4924-8954-FFA0337C7149}.Release|x64.ActiveCfg = Release|x64
		{6878F424-022A-4924-8954-FFA0337C7149}.Release|x64.Build.0 = Release|x64
		{6878F424-022A-4924-8954-FFA0337C7149}.Release|x86.ActiveCfg = Release|Win32
		{6878F424-022A-4924-8954-FFA0337C7149}.Release|x86.Build.0 = Release|Win32
	EndGlobalSection
	GlobalSection(SolutionProperties) = preSolution
		HideSolutionNode = FALSE
	EndGlobalSection
	GlobalSection(ExtensibilityGlobals) = postSolution
		SolutionGuid = {E6BA3A63-EFDD-417E-B811-1ED6A2ED7458}
	EndGlobalSection
EndGlobal
